// !$*UTF8*$!
{
	archiveVersion = 1;
	classes = {
	};
	objectVersion = 46;
	objects = {

/* Begin PBXBuildFile section */
		BA5E29E81CCD328D001AE4FA /* AppDelegate.swift in Sources */ = {isa = PBXBuildFile; fileRef = BA5E29E71CCD328D001AE4FA /* AppDelegate.swift */; };
		BA5E29EA1CCD328D001AE4FA /* Assets.xcassets in Resources */ = {isa = PBXBuildFile; fileRef = BA5E29E91CCD328D001AE4FA /* Assets.xcassets */; };
		BA5E29ED1CCD328D001AE4FA /* MainMenu.xib in Resources */ = {isa = PBXBuildFile; fileRef = BA5E29EB1CCD328D001AE4FA /* MainMenu.xib */; };
		BA5E29F61CCD819B001AE4FA /* MainWindowController.swift in Sources */ = {isa = PBXBuildFile; fileRef = BA5E29F41CCD819B001AE4FA /* MainWindowController.swift */; };
		BA5E29F71CCD819B001AE4FA /* MainWindowController.xib in Resources */ = {isa = PBXBuildFile; fileRef = BA5E29F51CCD819B001AE4FA /* MainWindowController.xib */; };
		BA8685DF1CCDC19100E8FE8B /* GeneratePassword.swift in Sources */ = {isa = PBXBuildFile; fileRef = BA8685DE1CCDC19100E8FE8B /* GeneratePassword.swift */; };
/* End PBXBuildFile section */

/* Begin PBXFileReference section */
		BA5E29E41CCD328D001AE4FA /* RandomPassword.app */ = {isa = PBXFileReference; explicitFileType = wrapper.application; includeInIndex = 0; path = RandomPassword.app; sourceTree = BUILT_PRODUCTS_DIR; };
		BA5E29E71CCD328D001AE4FA /* AppDelegate.swift */ = {isa = PBXFileReference; lastKnownFileType = sourcecode.swift; path = AppDelegate.swift; sourceTree = "<group>"; };
		BA5E29E91CCD328D001AE4FA /* Assets.xcassets */ = {isa = PBXFileReference; lastKnownFileType = folder.assetcatalog; path = Assets.xcassets; sourceTree = "<group>"; };
		BA5E29EC1CCD328D001AE4FA /* Base */ = {isa = PBXFileReference; lastKnownFileType = file.xib; name = Base; path = Base.lproj/MainMenu.xib; sourceTree = "<group>"; };
		BA5E29EE1CCD328D001AE4FA /* Info.plist */ = {isa = PBXFileReference; lastKnownFileType = text.plist.xml; path = Info.plist; sourceTree = "<group>"; };
		BA5E29F41CCD819B001AE4FA /* MainWindowController.swift */ = {isa = PBXFileReference; fileEncoding = 4; lastKnownFileType = sourcecode.swift; path = MainWindowController.swift; sourceTree = "<group>"; };
		BA5E29F51CCD819B001AE4FA /* MainWindowController.xib */ = {isa = PBXFileReference; fileEncoding = 4; lastKnownFileType = file.xib; path = MainWindowController.xib; sourceTree = "<group>"; };
		BA8685DD1CCDBFFD00E8FE8B /* RandomPassword.entitlements */ = {isa = PBXFileReference; lastKnownFileType = text.xml; path = RandomPassword.entitlements; sourceTree = "<group>"; };
		BA8685DE1CCDC19100E8FE8B /* GeneratePassword.swift */ = {isa = PBXFileReference; fileEncoding = 4; lastKnownFileType = sourcecode.swift; path = GeneratePassword.swift; sourceTree = "<group>"; };
/* End PBXFileReference section */

/* Begin PBXFrameworksBuildPhase section */
		BA5E29E11CCD328D001AE4FA /* Frameworks */ = {
			isa = PBXFrameworksBuildPhase;
			buildActionMask = 2147483647;
			files = (
			);
			runOnlyForDeploymentPostprocessing = 0;
		};
/* End PBXFrameworksBuildPhase section */

/* Begin PBXGroup section */
		BA5E29DB1CCD328D001AE4FA = {
			isa = PBXGroup;
			children = (
				BA5E29E61CCD328D001AE4FA /* RandomPassword */,
				BA5E29E51CCD328D001AE4FA /* Products */,
			);
			sourceTree = "<group>";
		};
		BA5E29E51CCD328D001AE4FA /* Products */ = {
			isa = PBXGroup;
			children = (
				BA5E29E41CCD328D001AE4FA /* RandomPassword.app */,
			);
			name = Products;
			sourceTree = "<group>";
		};
		BA5E29E61CCD328D001AE4FA /* RandomPassword */ = {
			isa = PBXGroup;
			children = (
				BA8685DD1CCDBFFD00E8FE8B /* RandomPassword.entitlements */,
				BA5E29E71CCD328D001AE4FA /* AppDelegate.swift */,
				BA5E29F41CCD819B001AE4FA /* MainWindowController.swift */,
				BA5E29F51CCD819B001AE4FA /* MainWindowController.xib */,
				BA8685DE1CCDC19100E8FE8B /* GeneratePassword.swift */,
				BA5E29E91CCD328D001AE4FA /* Assets.xcassets */,
				BA5E29EB1CCD328D001AE4FA /* MainMenu.xib */,
				BA5E29EE1CCD328D001AE4FA /* Info.plist */,
			);
			path = RandomPassword;
			sourceTree = "<group>";
		};
/* End PBXGroup section */

/* Begin PBXNativeTarget section */
		BA5E29E31CCD328D001AE4FA /* RandomPassword */ = {
			isa = PBXNativeTarget;
			buildConfigurationList = BA5E29F11CCD328D001AE4FA /* Build configuration list for PBXNativeTarget "RandomPassword" */;
			buildPhases = (
				BA5E29E01CCD328D001AE4FA /* Sources */,
				BA5E29E11CCD328D001AE4FA /* Frameworks */,
				BA5E29E21CCD328D001AE4FA /* Resources */,
			);
			buildRules = (
			);
			dependencies = (
			);
			name = RandomPassword;
			productName = RandomPassword;
			productReference = BA5E29E41CCD328D001AE4FA /* RandomPassword.app */;
			productType = "com.apple.product-type.application";
		};
/* End PBXNativeTarget section */

/* Begin PBXProject section */
		BA5E29DC1CCD328D001AE4FA /* Project object */ = {
			isa = PBXProject;
			attributes = {
				LastSwiftUpdateCheck = 0730;
				LastUpgradeCheck = 0730;
				ORGANIZATIONNAME = "Bret Comnes";
				TargetAttributes = {
					BA5E29E31CCD328D001AE4FA = {
						CreatedOnToolsVersion = 7.3;
						SystemCapabilities = {
							com.apple.ApplicationGroups.Mac = {
								enabled = 0;
							};
							com.apple.Sandbox = {
								enabled = 0;
							};
						};
					};
				};
			};
			buildConfigurationList = BA5E29DF1CCD328D001AE4FA /* Build configuration list for PBXProject "RandomPassword" */;
			compatibilityVersion = "Xcode 3.2";
			developmentRegion = English;
			hasScannedForEncodings = 0;
			knownRegions = (
				en,
				Base,
			);
			mainGroup = BA5E29DB1CCD328D001AE4FA;
			productRefGroup = BA5E29E51CCD328D001AE4FA /* Products */;
			projectDirPath = "";
			projectRoot = "";
			targets = (
				BA5E29E31CCD328D001AE4FA /* RandomPassword */,
			);
		};
/* End PBXProject section */

/* Begin PBXResourcesBuildPhase section */
		BA5E29E21CCD328D001AE4FA /* Resources */ = {
			isa = PBXResourcesBuildPhase;
			buildActionMask = 2147483647;
			files = (
				BA5E29EA1CCD328D001AE4FA /* Assets.xcassets in Resources */,
				BA5E29F71CCD819B001AE4FA /* MainWindowController.xib in Resources */,
				BA5E29ED1CCD328D001AE4FA /* MainMenu.xib in Resources */,
			);
			runOnlyForDeploymentPostprocessing = 0;
		};
/* End PBXResourcesBuildPhase section */

/* Begin PBXSourcesBuildPhase section */
		BA5E29E01CCD328D001AE4FA /* Sources */ = {
			isa = PBXSourcesBuildPhase;
			buildActionMask = 2147483647;
			files = (
				BA5E29F61CCD819B001AE4FA /* MainWindowController.swift in Sources */,
				BA8685DF1CCDC19100E8FE8B /* GeneratePassword.swift in Sources */,
				BA5E29E81CCD328D001AE4FA /* AppDelegate.swift in Sources */,
			);
			runOnlyForDeploymentPostprocessing = 0;
		};
/* End PBXSourcesBuildPhase section */

/* Begin PBXVariantGroup section */
		BA5E29EB1CCD328D001AE4FA /* MainMenu.xib */ = {
			isa = PBXVariantGroup;
			children = (
				BA5E29EC1CCD328D001AE4FA /* Base */,
			);
			name = MainMenu.xib;
			sourceTree = "<group>";
		};
/* End PBXVariantGroup section */

/* Begin XCBuildConfiguration section */
		BA5E29EF1CCD328D001AE4FA /* Debug */ = {
			isa = XCBuildConfiguration;
			buildSettings = {
				ALWAYS_SEARCH_USER_PATHS = NO;
				CLANG_ANALYZER_NONNULL = YES;
				CLANG_CXX_LANGUAGE_STANDARD = "gnu++0x";
				CLANG_CXX_LIBRARY = "libc++";
				CLANG_ENABLE_MODULES = YES;
				CLANG_ENABLE_OBJC_ARC = YES;
				CLANG_WARN_BOOL_CONVERSION = YES;
				CLANG_WARN_CONSTANT_CONVERSION = YES;
				CLANG_WARN_DIRECT_OBJC_ISA_USAGE = YES_ERROR;
				CLANG_WARN_EMPTY_BODY = YES;
				CLANG_WARN_ENUM_CONVERSION = YES;
				CLANG_WARN_INT_CONVERSION = YES;
				CLANG_WARN_OBJC_ROOT_CLASS = YES_ERROR;
				CLANG_WARN_UNREACHABLE_CODE = YES;
				CLANG_WARN__DUPLICATE_METHOD_MATCH = YES;
				CODE_SIGN_IDENTITY = "-";
				COPY_PHASE_STRIP = NO;
				DEBUG_INFORMATION_FORMAT = dwarf;
				ENABLE_STRICT_OBJC_MSGSEND = YES;
				ENABLE_TESTABILITY = YES;
				GCC_C_LANGUAGE_STANDARD = gnu99;
				GCC_DYNAMIC_NO_PIC = NO;
				GCC_NO_COMMON_BLOCKS = YES;
				GCC_OPTIMIZATION_LEVEL = 0;
				GCC_PREPROCESSOR_DEFINITIONS = (
					"DEBUG=1",
					"$(inherited)",
				);
				GCC_WARN_64_TO_32_BIT_CONVERSION = YES;
				GCC_WARN_ABOUT_RETURN_TYPE = YES_ERROR;
				GCC_WARN_UNDECLARED_SELECTOR = YES;
				GCC_WARN_UNINITIALIZED_AUTOS = YES_AGGRESSIVE;
				GCC_WARN_UNUSED_FUNCTION = YES;
				GCC_WARN_UNUSED_VARIABLE = YES;
				MACOSX_DEPLOYMENT_TARGET = 10.11;
				MTL_ENABLE_DEBUG_INFO = YES;
				ONLY_ACTIVE_ARCH = YES;
				SDKROOT = macosx;
				SWIFT_OPTIMIZATION_LEVEL = "-Onone";
			};
			name = Debug;
		};
		BA5E29F01CCD328D001AE4FA /* Release */ = {
			isa = XCBuildConfiguration;
			buildSettings = {
				ALWAYS_SEARCH_USER_PATHS = NO;
				CLANG_ANALYZER_NONNULL = YES;
				CLANG_CXX_LANGUAGE_STANDARD = "gnu++0x";
				CLANG_CXX_LIBRARY = "libc++";
				CLANG_ENABLE_MODULES = YES;
				CLANG_ENABLE_OBJC_ARC = YES;
				CLANG_WARN_BOOL_CONVERSION = YES;
				CLANG_WARN_CONSTANT_CONVERSION = YES;
				CLANG_WARN_DIRECT_OBJC_ISA_USAGE = YES_ERROR;
				CLANG_WARN_EMPTY_BODY = YES;
				CLANG_WARN_ENUM_CONVERSION = YES;
				CLANG_WARN_INT_CONVERSION = YES;
				CLANG_WARN_OBJC_ROOT_CLASS = YES_ERROR;
				CLANG_WARN_UNREACHABLE_CODE = YES;
				CLANG_WARN__DUPLICATE_METHOD_MATCH = YES;
				CODE_SIGN_IDENTITY = "-";
				COPY_PHASE_STRIP = NO;
				DEBUG_INFORMATION_FORMAT = "dwarf-with-dsym";
				ENABLE_NS_ASSERTIONS = NO;
				ENABLE_STRICT_OBJC_MSGSEND = YES;
				GCC_C_LANGUAGE_STANDARD = gnu99;
				GCC_NO_COMMON_BLOCKS = YES;
				GCC_WARN_64_TO_32_BIT_CONVERSION = YES;
				GCC_WARN_ABOUT_RETURN_TYPE = YES_ERROR;
				GCC_WARN_UNDECLARED_SELECTOR = YES;
				GCC_WARN_UNINITIALIZED_AUTOS = YES_AGGRESSIVE;
				GCC_WARN_UNUSED_FUNCTION = YES;
				GCC_WARN_UNUSED_VARIABLE = YES;
				MACOSX_DEPLOYMENT_TARGET = 10.11;
				MTL_ENABLE_DEBUG_INFO = NO;
				SDKROOT = macosx;
			};
			name = Release;
		};
		BA5E29F21CCD328D001AE4FA /* Debug */ = {
			isa = XCBuildConfiguration;
			buildSettings = {
				ASSETCATALOG_COMPILER_APPICON_NAME = AppIcon;
				COMBINE_HIDPI_IMAGES = YES;
				INFOPLIST_FILE = RandomPassword/Info.plist;
				LD_RUNPATH_SEARCH_PATHS = "$(inherited) @executable_path/../Frameworks";
				PRODUCT_BUNDLE_IDENTIFIER = com.bretcomnes.RandomPassword;
				PRODUCT_NAME = "$(TARGET_NAME)";
			};
			name = Debug;
		};
		BA5E29F31CCD328D001AE4FA /* Release */ = {
			isa = XCBuildConfiguration;
			buildSettings = {
				ASSETCATALOG_COMPILER_APPICON_NAME = AppIcon;
				COMBINE_HIDPI_IMAGES = YES;
				INFOPLIST_FILE = RandomPassword/Info.plist;
				LD_RUNPATH_SEARCH_PATHS = "$(inherited) @executable_path/../Frameworks";
				PRODUCT_BUNDLE_IDENTIFIER = com.bretcomnes.RandomPassword;
				PRODUCT_NAME = "$(TARGET_NAME)";
			};
			name = Release;
		};
/* End XCBuildConfiguration section */

/* Begin XCConfigurationList section */
		BA5E29DF1CCD328D001AE4FA /* Build configuration list for PBXProject "RandomPassword" */ = {
			isa = XCConfigurationList;
			buildConfigurations = (
				BA5E29EF1CCD328D001AE4FA /* Debug */,
				BA5E29F01CCD328D001AE4FA /* Release */,
			);
			defaultConfigurationIsVisible = 0;
			defaultConfigurationName = Release;
		};
		BA5E29F11CCD328D001AE4FA /* Build configuration list for PBXNativeTarget "RandomPassword" */ = {
			isa = XCConfigurationList;
			buildConfigurations = (
				BA5E29F21CCD328D001AE4FA /* Debug */,
				BA5E29F31CCD328D001AE4FA /* Release */,
			);
			defaultConfigurationIsVisible = 0;
			defaultConfigurationName = Release;
		};
/* End XCConfigurationList section */
	};
	rootObject = BA5E29DC1CCD328D001AE4FA /* Project object */;
}
